
Microsoft Visual Studio Solution File, Format Version 12.00
# Visual Studio Version 17
VisualStudioVersion = 17.8.34124.14
MinimumVisualStudioVersion = 10.0.40219.1
Project("{FAE04EC0-301F-11D3-BF4B-00C04F79EFBC}") = "Razor80_NoAuth_NoAspire", "Razor80_NoAuth_NoAspire\Razor80_NoAuth_NoAspire.csproj", "{6DA79BB8-1A56-4868-BA20-35F17C111DD6}"
EndProject
Global
	GlobalSection(SolutionConfigurationPlatforms) = preSolution
		Debug|Any CPU = Debug|Any CPU
		Release|Any CPU = Release|Any CPU
	EndGlobalSection
	GlobalSection(ProjectConfigurationPlatforms) = postSolution
		{6DA79BB8-1A56-4868-BA20-35F17C111DD6}.Debug|Any CPU.ActiveCfg = Debug|Any CPU
		{6DA79BB8-1A56-4868-BA20-35F17C111DD6}.Debug|Any CPU.Build.0 = Debug|Any CPU
		{6DA79BB8-1A56-4868-BA20-35F17C111DD6}.Release|Any CPU.ActiveCfg = Release|Any CPU
		{6DA79BB8-1A56-4868-BA20-35F17C111DD6}.Release|Any CPU.Build.0 = Release|Any CPU
	EndGlobalSection
	GlobalSection(SolutionProperties) = preSolution
		HideSolutionNode = FALSE
	EndGlobalSection
	GlobalSection(ExtensibilityGlobals) = postSolution
		SolutionGuid = {B6DA3657-2AA4-4B9D-8316-56115F4982FF}
	EndGlobalSection
EndGlobal
